{
  "version": 4,
  "terraform_version": "1.1.2",
  "serial": 505,
  "lineage": "39313800-f54a-e910-f70c-8e8e8cb15a41",
  "outputs": {
    "Database_Name": {
      "value": "assignment1-postgre_server-db",
      "type": "string"
    },
    "Database_Server_Name": {
      "value": "assignment1-amin6010-db-server",
      "type": "string"
    },
    "Loadbalancer_name": {
      "value": "assignment1-lb",
      "type": "string"
    },
    "Vnet_name": {
      "value": "Assignment1-vnet",
      "type": "string"
    },
    "linux_Private_IP": {
      "value": [
        "10.0.1.5",
        "10.0.1.6"
      ],
      "type": [
        "tuple",
        [
          "string",
          "string"
        ]
      ]
    },
    "linux_Public_IP": {
      "value": [
        "20.116.63.131",
        "20.104.230.161"
      ],
      "type": [
        "tuple",
        [
          "string",
          "string"
        ]
      ]
    },
    "linux_vm_hostname": {
      "value": [
        "linux1",
        "linux2"
      ],
      "type": [
        "tuple",
        [
          "string",
          "string"
        ]
      ]
    },
    "location": {
      "value": "canadacentral",
      "type": "string"
    },
    "log_analytics_workspace": {
      "value": "assignmnent1-loganalytics-workspace",
      "type": "string"
    },
    "recovery_vault_name": {
      "value": "assignment1-vault",
      "type": "string"
    },
    "rgroup": {
      "value": "assignment2-rg",
      "type": "string"
    },
    "storage_account_name": {
      "value": "assign1stoac",
      "type": "string"
    },
    "subnet_add_space": {
      "value": [
        "10.0.1.0/24"
      ],
      "type": [
        "list",
        "string"
      ]
    },
    "subnet_name": {
      "value": "Assignment1-subnet",
      "type": "string"
    },
    "vnet_address_space": {
      "value": [
        "10.0.0.0/16"
      ],
      "type": [
        "list",
        "string"
      ]
    },
    "windows_Private_IP": {
      "value": "10.0.1.4",
      "type": "string"
    },
    "windows_Public_IP": {
      "value": "20.116.63.82",
      "type": "string"
    },
    "windows_VM_Hostname": {
      "value": "winvm",
      "type": "string"
    }
  },
  "resources": [
    {
      "module": "module.common",
      "mode": "managed",
      "type": "azurerm_log_analytics_workspace",
      "name": "assignment1-workspace",
      "provider": "provider[\"registry.terraform.io/hashicorp/azurerm\"]",
      "instances": [
        {
          "schema_version": 2,
          "attributes": {
            "daily_quota_gb": -1,
            "id": "/subscriptions/5ab685ad-c0ee-4b95-a5a4-cb74745aeb1f/resourceGroups/assignment2-rg/providers/Microsoft.OperationalInsights/workspaces/assignmnent1-loganalytics-workspace",
            "internet_ingestion_enabled": true,
            "internet_query_enabled": true,
            "location": "canadacentral",
            "name": "assignmnent1-loganalytics-workspace",
            "portal_url": "",
            "primary_shared_key": "EHTjN/iyzig9iqNFkHGnFkry+WpTwba+jPqrnHiD793pBDHAIEFrdYRzA4I/pW1WUP9LjKsK98VLQggwV6wpHA==",
            "reservation_capacity_in_gb_per_day": null,
            "reservation_capcity_in_gb_per_day": null,
            "resource_group_name": "assignment2-rg",
            "retention_in_days": 30,
            "secondary_shared_key": "tEA8/uL8lDaBygsvdaMztNjCCI547DBmJmqVAXfTGtq4+iwuJ/GrlwpwD9zmDGmYKZKsZN3PQlTwhelE27YcvQ==",
            "sku": "PerGB2018",
            "tags": {
              "Environment": "Lab",
              "ExpirationDate": "2022-04-19",
              "Name": "Amin Fakhri",
              "Project": "Automation project - Assignment 2 "
            },
            "timeouts": null,
            "workspace_id": "0fcbdfe7-70c2-4ec0-90ba-59a804fa618e"
          },
          "sensitive_attributes": [],
          "private": "eyJlMmJmYjczMC1lY2FhLTExZTYtOGY4OC0zNDM2M2JjN2M0YzAiOnsiY3JlYXRlIjoxODAwMDAwMDAwMDAwLCJkZWxldGUiOjE4MDAwMDAwMDAwMDAsInJlYWQiOjMwMDAwMDAwMDAwMCwidXBkYXRlIjoxODAwMDAwMDAwMDAwfSwic2NoZW1hX3ZlcnNpb24iOiIyIn0=",
          "dependencies": [
            "module.rgroup.azurerm_resource_group.assignment2-rg"
          ]
        }
      ]
    },
    {
      "module": "module.common",
      "mode": "managed",
      "type": "azurerm_recovery_services_vault",
      "name": "assignment1-vault",
      "provider": "provider[\"registry.terraform.io/hashicorp/azurerm\"]",
      "instances": [
        {
          "schema_version": 0,
          "attributes": {
            "encryption": [],
            "id": "/subscriptions/5ab685ad-c0ee-4b95-a5a4-cb74745aeb1f/resourceGroups/assignment2-rg/providers/Microsoft.RecoveryServices/vaults/assignment1-vault",
            "identity": [],
            "location": "canadacentral",
            "name": "assignment1-vault",
            "resource_group_name": "assignment2-rg",
            "sku": "Standard",
            "soft_delete_enabled": false,
            "storage_mode_type": "GeoRedundant",
            "tags": {
              "Environment": "Lab",
              "ExpirationDate": "2022-04-19",
              "Name": "Amin Fakhri",
              "Project": "Automation project - Assignment 2 "
            },
            "timeouts": null
          },
          "sensitive_attributes": [],
          "private": "eyJlMmJmYjczMC1lY2FhLTExZTYtOGY4OC0zNDM2M2JjN2M0YzAiOnsiY3JlYXRlIjoxODAwMDAwMDAwMDAwLCJkZWxldGUiOjE4MDAwMDAwMDAwMDAsInJlYWQiOjMwMDAwMDAwMDAwMCwidXBkYXRlIjoxODAwMDAwMDAwMDAwfX0=",
          "dependencies": [
            "module.rgroup.azurerm_resource_group.assignment2-rg"
          ]
        }
      ]
    },
    {
      "module": "module.common",
      "mode": "managed",
      "type": "azurerm_storage_account",
      "name": "assignment1-sto-acc",
      "provider": "provider[\"registry.terraform.io/hashicorp/azurerm\"]",
      "instances": [
        {
          "schema_version": 2,
          "attributes": {
            "access_tier": "Hot",
            "account_kind": "StorageV2",
            "account_replication_type": "LRS",
            "account_tier": "Standard",
            "allow_blob_public_access": true,
            "azure_files_authentication": [],
            "blob_properties": [
              {
                "change_feed_enabled": false,
                "container_delete_retention_policy": [],
                "cors_rule": [],
                "default_service_version": "",
                "delete_retention_policy": [],
                "last_access_time_enabled": false,
                "versioning_enabled": false
              }
            ],
            "custom_domain": [],
            "enable_https_traffic_only": true,
            "id": "/subscriptions/5ab685ad-c0ee-4b95-a5a4-cb74745aeb1f/resourceGroups/assignment2-rg/providers/Microsoft.Storage/storageAccounts/assign1stoac",
            "identity": [],
            "infrastructure_encryption_enabled": false,
            "is_hns_enabled": false,
            "large_file_share_enabled": null,
            "location": "canadacentral",
            "min_tls_version": "TLS1_0",
            "name": "assign1stoac",
            "network_rules": [
              {
                "bypass": [
                  "AzureServices"
                ],
                "default_action": "Allow",
                "ip_rules": [],
                "private_link_access": [],
                "virtual_network_subnet_ids": []
              }
            ],
            "nfsv3_enabled": false,
            "primary_access_key": "Rcottuacdf5mjp7TSE7okoZ+c3tCML64hjuZpFni2/EzcQIIeqIDB+b1hJOis951ftaW7Hr8l6HDNA35lpdJyg==",
            "primary_blob_connection_string": "DefaultEndpointsProtocol=https;BlobEndpoint=https://assign1stoac.blob.core.windows.net/;AccountName=assign1stoac;AccountKey=Rcottuacdf5mjp7TSE7okoZ+c3tCML64hjuZpFni2/EzcQIIeqIDB+b1hJOis951ftaW7Hr8l6HDNA35lpdJyg==",
            "primary_blob_endpoint": "https://assign1stoac.blob.core.windows.net/",
            "primary_blob_host": "assign1stoac.blob.core.windows.net",
            "primary_connection_string": "DefaultEndpointsProtocol=https;AccountName=assign1stoac;AccountKey=Rcottuacdf5mjp7TSE7okoZ+c3tCML64hjuZpFni2/EzcQIIeqIDB+b1hJOis951ftaW7Hr8l6HDNA35lpdJyg==;EndpointSuffix=core.windows.net",
            "primary_dfs_endpoint": "https://assign1stoac.dfs.core.windows.net/",
            "primary_dfs_host": "assign1stoac.dfs.core.windows.net",
            "primary_file_endpoint": "https://assign1stoac.file.core.windows.net/",
            "primary_file_host": "assign1stoac.file.core.windows.net",
            "primary_location": "canadacentral",
            "primary_queue_endpoint": "https://assign1stoac.queue.core.windows.net/",
            "primary_queue_host": "assign1stoac.queue.core.windows.net",
            "primary_table_endpoint": "https://assign1stoac.table.core.windows.net/",
            "primary_table_host": "assign1stoac.table.core.windows.net",
            "primary_web_endpoint": "https://assign1stoac.z9.web.core.windows.net/",
            "primary_web_host": "assign1stoac.z9.web.core.windows.net",
            "queue_encryption_key_type": "Service",
            "queue_properties": [
              {
                "cors_rule": [],
                "hour_metrics": [
                  {
                    "enabled": true,
                    "include_apis": true,
                    "retention_policy_days": 7,
                    "version": "1.0"
                  }
                ],
                "logging": [
                  {
                    "delete": false,
                    "read": false,
                    "retention_policy_days": 0,
                    "version": "1.0",
                    "write": false
                  }
                ],
                "minute_metrics": [
                  {
                    "enabled": false,
                    "include_apis": false,
                    "retention_policy_days": 0,
                    "version": "1.0"
                  }
                ]
              }
            ],
            "resource_group_name": "assignment2-rg",
            "routing": [],
            "secondary_access_key": "68WB0TrnNs6NMnSWk7MAfAH8aYkl9f7KbUHZ5JTsq1YTbYRORpDRuOKOYoylQFKx++FN1ZNfvAgxALfaEa84Uw==",
            "secondary_blob_connection_string": "",
            "secondary_blob_endpoint": null,
            "secondary_blob_host": null,
            "secondary_connection_string": "DefaultEndpointsProtocol=https;AccountName=assign1stoac;AccountKey=68WB0TrnNs6NMnSWk7MAfAH8aYkl9f7KbUHZ5JTsq1YTbYRORpDRuOKOYoylQFKx++FN1ZNfvAgxALfaEa84Uw==;EndpointSuffix=core.windows.net",
            "secondary_dfs_endpoint": null,
            "secondary_dfs_host": null,
            "secondary_file_endpoint": null,
            "secondary_file_host": null,
            "secondary_location": "",
            "secondary_queue_endpoint": null,
            "secondary_queue_host": null,
            "secondary_table_endpoint": null,
            "secondary_table_host": null,
            "secondary_web_endpoint": null,
            "secondary_web_host": null,
            "share_properties": [
              {
                "cors_rule": [],
                "retention_policy": [
                  {
                    "days": 7
                  }
                ],
                "smb": []
              }
            ],
            "shared_access_key_enabled": true,
            "static_website": [],
            "table_encryption_key_type": "Service",
            "tags": {
              "Environment": "Lab",
              "ExpirationDate": "2022-04-19",
              "Name": "Amin Fakhri",
              "Project": "Automation project - Assignment 2 "
            },
            "timeouts": null
          },
          "sensitive_attributes": [],
          "private": "eyJlMmJmYjczMC1lY2FhLTExZTYtOGY4OC0zNDM2M2JjN2M0YzAiOnsiY3JlYXRlIjozNjAwMDAwMDAwMDAwLCJkZWxldGUiOjM2MDAwMDAwMDAwMDAsInJlYWQiOjMwMDAwMDAwMDAwMCwidXBkYXRlIjozNjAwMDAwMDAwMDAwfSwic2NoZW1hX3ZlcnNpb24iOiIyIn0=",
          "dependencies": [
            "module.rgroup.azurerm_resource_group.assignment2-rg"
          ]
        }
      ]
    },
    {
      "module": "module.network",
      "mode": "managed",
      "type": "azurerm_network_security_group",
      "name": "assignment1-nsg",
      "provider": "provider[\"registry.terraform.io/hashicorp/azurerm\"]",
      "instances": [
        {
          "schema_version": 0,
          "attributes": {
            "id": "/subscriptions/5ab685ad-c0ee-4b95-a5a4-cb74745aeb1f/resourceGroups/assignment2-rg/providers/Microsoft.Network/networkSecurityGroups/Assignment1-nsg",
            "location": "canadacentral",
            "name": "Assignment1-nsg",
            "resource_group_name": "assignment2-rg",
            "security_rule": [
              {
                "access": "Allow",
                "description": "",
                "destination_address_prefix": "*",
                "destination_address_prefixes": [],
                "destination_application_security_group_ids": [],
                "destination_port_range": "22",
                "destination_port_ranges": [],
                "direction": "Inbound",
                "name": "rule1",
                "priority": 101,
                "protocol": "Tcp",
                "source_address_prefix": "*",
                "source_address_prefixes": [],
                "source_application_security_group_ids": [],
                "source_port_range": "*",
                "source_port_ranges": []
              },
              {
                "access": "Allow",
                "description": "",
                "destination_address_prefix": "*",
                "destination_address_prefixes": [],
                "destination_application_security_group_ids": [],
                "destination_port_range": "3389",
                "destination_port_ranges": [],
                "direction": "Inbound",
                "name": "rule2",
                "priority": 100,
                "protocol": "Tcp",
                "source_address_prefix": "*",
                "source_address_prefixes": [],
                "source_application_security_group_ids": [],
                "source_port_range": "*",
                "source_port_ranges": []
              },
              {
                "access": "Allow",
                "description": "",
                "destination_address_prefix": "*",
                "destination_address_prefixes": [],
                "destination_application_security_group_ids": [],
                "destination_port_range": "443",
                "destination_port_ranges": [],
                "direction": "Inbound",
                "name": "rule5",
                "priority": 105,
                "protocol": "Tcp",
                "source_address_prefix": "*",
                "source_address_prefixes": [],
                "source_application_security_group_ids": [],
                "source_port_range": "*",
                "source_port_ranges": []
              },
              {
                "access": "Allow",
                "description": "",
                "destination_address_prefix": "*",
                "destination_address_prefixes": [],
                "destination_application_security_group_ids": [],
                "destination_port_range": "5985",
                "destination_port_ranges": [],
                "direction": "Inbound",
                "name": "HTTP",
                "priority": 102,
                "protocol": "Tcp",
                "source_address_prefix": "*",
                "source_address_prefixes": [],
                "source_application_security_group_ids": [],
                "source_port_range": "*",
                "source_port_ranges": []
              },
              {
                "access": "Allow",
                "description": "",
                "destination_address_prefix": "*",
                "destination_address_prefixes": [],
                "destination_application_security_group_ids": [],
                "destination_port_range": "80",
                "destination_port_ranges": [],
                "direction": "Inbound",
                "name": "rule4",
                "priority": 104,
                "protocol": "Tcp",
                "source_address_prefix": "*",
                "source_address_prefixes": [],
                "source_application_security_group_ids": [],
                "source_port_range": "*",
                "source_port_ranges": []
              }
            ],
            "tags": {
              "Environment": "Lab",
              "ExpirationDate": "2022-04-19",
              "Name": "Amin Fakhri",
              "Project": "Automation project - Assignment 2 "
            },
            "timeouts": null
          },
          "sensitive_attributes": [],
          "private": "eyJlMmJmYjczMC1lY2FhLTExZTYtOGY4OC0zNDM2M2JjN2M0YzAiOnsiY3JlYXRlIjoxODAwMDAwMDAwMDAwLCJkZWxldGUiOjE4MDAwMDAwMDAwMDAsInJlYWQiOjMwMDAwMDAwMDAwMCwidXBkYXRlIjoxODAwMDAwMDAwMDAwfX0=",
          "dependencies": [
            "module.rgroup.azurerm_resource_group.assignment2-rg"
          ]
        }
      ]
    },
    {
      "module": "module.network",
      "mode": "managed",
      "type": "azurerm_subnet",
      "name": "assignment1-subnet",
      "provider": "provider[\"registry.terraform.io/hashicorp/azurerm\"]",
      "instances": [
        {
          "schema_version": 0,
          "attributes": {
            "address_prefix": "10.0.1.0/24",
            "address_prefixes": [
              "10.0.1.0/24"
            ],
            "delegation": [],
            "enforce_private_link_endpoint_network_policies": false,
            "enforce_private_link_service_network_policies": false,
            "id": "/subscriptions/5ab685ad-c0ee-4b95-a5a4-cb74745aeb1f/resourceGroups/assignment2-rg/providers/Microsoft.Network/virtualNetworks/Assignment1-vnet/subnets/Assignment1-subnet",
            "name": "Assignment1-subnet",
            "resource_group_name": "assignment2-rg",
            "service_endpoint_policy_ids": null,
            "service_endpoints": null,
            "timeouts": null,
            "virtual_network_name": "Assignment1-vnet"
          },
          "sensitive_attributes": [],
          "private": "eyJlMmJmYjczMC1lY2FhLTExZTYtOGY4OC0zNDM2M2JjN2M0YzAiOnsiY3JlYXRlIjoxODAwMDAwMDAwMDAwLCJkZWxldGUiOjE4MDAwMDAwMDAwMDAsInJlYWQiOjMwMDAwMDAwMDAwMCwidXBkYXRlIjoxODAwMDAwMDAwMDAwfX0=",
          "dependencies": [
            "module.network.azurerm_virtual_network.assignment1-vnet",
            "module.rgroup.azurerm_resource_group.assignment2-rg"
          ]
        }
      ]
    },
    {
      "module": "module.network",
      "mode": "managed",
      "type": "azurerm_subnet_network_security_group_association",
      "name": "assignment1-nsga",
      "provider": "provider[\"registry.terraform.io/hashicorp/azurerm\"]",
      "instances": [
        {
          "schema_version": 0,
          "attributes": {
            "id": "/subscriptions/5ab685ad-c0ee-4b95-a5a4-cb74745aeb1f/resourceGroups/assignment2-rg/providers/Microsoft.Network/virtualNetworks/Assignment1-vnet/subnets/Assignment1-subnet",
            "network_security_group_id": "/subscriptions/5ab685ad-c0ee-4b95-a5a4-cb74745aeb1f/resourceGroups/assignment2-rg/providers/Microsoft.Network/networkSecurityGroups/Assignment1-nsg",
            "subnet_id": "/subscriptions/5ab685ad-c0ee-4b95-a5a4-cb74745aeb1f/resourceGroups/assignment2-rg/providers/Microsoft.Network/virtualNetworks/Assignment1-vnet/subnets/Assignment1-subnet",
            "timeouts": null
          },
          "sensitive_attributes": [],
          "private": "eyJlMmJmYjczMC1lY2FhLTExZTYtOGY4OC0zNDM2M2JjN2M0YzAiOnsiY3JlYXRlIjoxODAwMDAwMDAwMDAwLCJkZWxldGUiOjE4MDAwMDAwMDAwMDAsInJlYWQiOjMwMDAwMDAwMDAwMCwidXBkYXRlIjoxODAwMDAwMDAwMDAwfX0=",
          "dependencies": [
            "module.network.azurerm_network_security_group.assignment1-nsg",
            "module.network.azurerm_subnet.assignment1-subnet",
            "module.network.azurerm_virtual_network.assignment1-vnet",
            "module.rgroup.azurerm_resource_group.assignment2-rg"
          ]
        }
      ]
    },
    {
      "module": "module.network",
      "mode": "managed",
      "type": "azurerm_virtual_network",
      "name": "assignment1-vnet",
      "provider": "provider[\"registry.terraform.io/hashicorp/azurerm\"]",
      "instances": [
        {
          "schema_version": 0,
          "attributes": {
            "address_space": [
              "10.0.0.0/16"
            ],
            "bgp_community": "",
            "ddos_protection_plan": [],
            "dns_servers": [],
            "flow_timeout_in_minutes": 0,
            "guid": "5a124710-b6e7-42a2-80ad-ca04db80771b",
            "id": "/subscriptions/5ab685ad-c0ee-4b95-a5a4-cb74745aeb1f/resourceGroups/assignment2-rg/providers/Microsoft.Network/virtualNetworks/Assignment1-vnet",
            "location": "canadacentral",
            "name": "Assignment1-vnet",
            "resource_group_name": "assignment2-rg",
            "subnet": [],
            "tags": {
              "Environment": "Lab",
              "ExpirationDate": "2022-04-19",
              "Name": "Amin Fakhri",
              "Project": "Automation project - Assignment 2 "
            },
            "timeouts": null,
            "vm_protection_enabled": false
          },
          "sensitive_attributes": [],
          "private": "eyJlMmJmYjczMC1lY2FhLTExZTYtOGY4OC0zNDM2M2JjN2M0YzAiOnsiY3JlYXRlIjoxODAwMDAwMDAwMDAwLCJkZWxldGUiOjE4MDAwMDAwMDAwMDAsInJlYWQiOjMwMDAwMDAwMDAwMCwidXBkYXRlIjoxODAwMDAwMDAwMDAwfX0=",
          "dependencies": [
            "module.rgroup.azurerm_resource_group.assignment2-rg"
          ]
        }
      ]
    },
    {
      "module": "module.rgroup",
      "mode": "managed",
      "type": "azurerm_resource_group",
      "name": "assignment2-rg",
      "provider": "provider[\"registry.terraform.io/hashicorp/azurerm\"]",
      "instances": [
        {
          "schema_version": 0,
          "attributes": {
            "id": "/subscriptions/5ab685ad-c0ee-4b95-a5a4-cb74745aeb1f/resourceGroups/assignment2-rg",
            "location": "canadacentral",
            "name": "assignment2-rg",
            "tags": {
              "Environment": "Lab",
              "ExpirationDate": "2022-04-19",
              "Name": "Amin Fakhri",
              "Project": "Automation project - Assignment 2 "
            },
            "timeouts": null
          },
          "sensitive_attributes": [],
          "private": "eyJlMmJmYjczMC1lY2FhLTExZTYtOGY4OC0zNDM2M2JjN2M0YzAiOnsiY3JlYXRlIjo1NDAwMDAwMDAwMDAwLCJkZWxldGUiOjU0MDAwMDAwMDAwMDAsInJlYWQiOjMwMDAwMDAwMDAwMCwidXBkYXRlIjo1NDAwMDAwMDAwMDAwfX0="
        }
      ]
    },
    {
      "module": "module.vmlinux",
      "mode": "managed",
      "type": "azurerm_availability_set",
      "name": "linux_avs",
      "provider": "provider[\"registry.terraform.io/hashicorp/azurerm\"]",
      "instances": [
        {
          "schema_version": 0,
          "attributes": {
            "id": "/subscriptions/5ab685ad-c0ee-4b95-a5a4-cb74745aeb1f/resourceGroups/assignment2-rg/providers/Microsoft.Compute/availabilitySets/linux_avs",
            "location": "canadacentral",
            "managed": true,
            "name": "linux_avs",
            "platform_fault_domain_count": 2,
            "platform_update_domain_count": 5,
            "proximity_placement_group_id": null,
            "resource_group_name": "assignment2-rg",
            "tags": null,
            "timeouts": null
          },
          "sensitive_attributes": [],
          "private": "eyJlMmJmYjczMC1lY2FhLTExZTYtOGY4OC0zNDM2M2JjN2M0YzAiOnsiY3JlYXRlIjoxODAwMDAwMDAwMDAwLCJkZWxldGUiOjE4MDAwMDAwMDAwMDAsInJlYWQiOjMwMDAwMDAwMDAwMCwidXBkYXRlIjoxODAwMDAwMDAwMDAwfX0=",
          "dependencies": [
            "module.network.azurerm_network_security_group.assignment1-nsg",
            "module.network.azurerm_subnet.assignment1-subnet",
            "module.network.azurerm_subnet_network_security_group_association.assignment1-nsga",
            "module.network.azurerm_virtual_network.assignment1-vnet",
            "module.rgroup.azurerm_resource_group.assignment2-rg"
          ]
        }
      ]
    },
    {
      "module": "module.vmlinux",
      "mode": "managed",
      "type": "azurerm_linux_virtual_machine",
      "name": "linux_vm",
      "provider": "provider[\"registry.terraform.io/hashicorp/azurerm\"]",
      "instances": [
        {
          "index_key": "linux1",
          "schema_version": 0,
          "attributes": {
            "additional_capabilities": [],
            "admin_password": null,
            "admin_ssh_key": [
              {
                "public_key": "ssh-rsa AAAAB3NzaC1yc2EAAAADAQABAAABgQDq/wg2fQSB8mieiOVKUBnDWhzMVAMSluoVl5RAwr2pLHF8qTbV0k2SjSqPGUxWU3ZJ8CVuL8FGLI5fgb/nmvJxvwRkESh30eYczr5hKjYYFdqzWyKJGAygi5Qa8m7eIRrIucy7Pd9541mDH/q8Q6YIeOYWTtUqN4yPKRHbGYz76C333U3TkEFDk+YbOwA4YkLwFvFCHI3/cHU4XA9UihMJxlgr9TB/kZCBmVnRwkYd8i1NbZaDENgC/jfJA6sjH1CskOF0kgbFkFzfqo4zm/B3czBWHvv7nMTH8Wty2CY67bJfcxYlAAvu5X0FRRR4VL5crOIIP8TOF1vWI5tdmb8iC2tJ2AN6BVECbDmskh0FHncd1JnTA0LWeLafwGfp0jO3Rh2fLRpDvfp5Ps3mSfbXNYGnPZs3c4S6V1vUkeKeU/gHPDcM4wuQjztjSIImH4ZFkD+zLlk7psfxWLPtJlk8KkZST6nv99/Sb7XzjHl3yIJz/G9QS4V520tFpzMc3OM= amin6010@amin6010-vm1\n",
                "username": "amin6010"
              }
            ],
            "admin_username": "amin6010",
            "allow_extension_operations": true,
            "availability_set_id": "/subscriptions/5ab685ad-c0ee-4b95-a5a4-cb74745aeb1f/resourceGroups/assignment2-rg/providers/Microsoft.Compute/availabilitySets/LINUX_AVS",
            "boot_diagnostics": [
              {
                "storage_account_uri": "https://assign1stoac.blob.core.windows.net/"
              }
            ],
            "computer_name": "linux1",
            "custom_data": null,
            "dedicated_host_id": "",
            "disable_password_authentication": true,
            "encryption_at_host_enabled": false,
            "eviction_policy": "",
            "extensions_time_budget": "PT1H30M",
            "id": "/subscriptions/5ab685ad-c0ee-4b95-a5a4-cb74745aeb1f/resourceGroups/assignment2-rg/providers/Microsoft.Compute/virtualMachines/linux1",
            "identity": [],
            "license_type": "",
            "location": "canadacentral",
            "max_bid_price": -1,
            "name": "linux1",
            "network_interface_ids": [
              "/subscriptions/5ab685ad-c0ee-4b95-a5a4-cb74745aeb1f/resourceGroups/assignment2-rg/providers/Microsoft.Network/networkInterfaces/linux1-nic"
            ],
            "os_disk": [
              {
                "caching": "ReadWrite",
                "diff_disk_settings": [],
                "disk_encryption_set_id": "",
                "disk_size_gb": 32,
                "name": "linux1_OsDisk_1_39d2872700fb4fdbb04471dee2e27f42",
                "storage_account_type": "Premium_LRS",
                "write_accelerator_enabled": false
              }
            ],
            "patch_mode": "ImageDefault",
            "plan": [],
            "platform_fault_domain": -1,
            "priority": "Regular",
            "private_ip_address": "10.0.1.5",
            "private_ip_addresses": [
              "10.0.1.5"
            ],
            "provision_vm_agent": true,
            "proximity_placement_group_id": "",
            "public_ip_address": "20.116.63.131",
            "public_ip_addresses": [
              "20.116.63.131"
            ],
            "resource_group_name": "assignment2-rg",
            "secret": [],
            "secure_boot_enabled": false,
            "size": "Standard_B1s",
            "source_image_id": "",
            "source_image_reference": [
              {
                "offer": "CentOS",
                "publisher": "OpenLogic",
                "sku": "8_2",
                "version": "8.2.2020111800"
              }
            ],
            "tags": {
              "Environment": "Lab",
              "ExpirationDate": "2022-04-19",
              "Name": "Amin Fakhri",
              "Project": "Automation project - Assignment 2 "
            },
            "timeouts": null,
            "user_data": "",
            "virtual_machine_id": "12708414-f34a-4169-8c17-67f6b562f2cd",
            "virtual_machine_scale_set_id": "",
            "vtpm_enabled": false,
            "zone": ""
          },
          "sensitive_attributes": [],
          "private": "eyJlMmJmYjczMC1lY2FhLTExZTYtOGY4OC0zNDM2M2JjN2M0YzAiOnsiY3JlYXRlIjoyNzAwMDAwMDAwMDAwLCJkZWxldGUiOjI3MDAwMDAwMDAwMDAsInJlYWQiOjMwMDAwMDAwMDAwMCwidXBkYXRlIjoyNzAwMDAwMDAwMDAwfX0=",
          "dependencies": [
            "module.common.azurerm_storage_account.assignment1-sto-acc",
            "module.network.azurerm_network_security_group.assignment1-nsg",
            "module.network.azurerm_subnet.assignment1-subnet",
            "module.network.azurerm_subnet_network_security_group_association.assignment1-nsga",
            "module.network.azurerm_virtual_network.assignment1-vnet",
            "module.rgroup.azurerm_resource_group.assignment2-rg",
            "module.vmlinux.azurerm_availability_set.linux_avs",
            "module.vmlinux.azurerm_network_interface.linux_nic",
            "module.vmlinux.azurerm_public_ip.linux_pip"
          ]
        },
        {
          "index_key": "linux2",
          "schema_version": 0,
          "attributes": {
            "additional_capabilities": [],
            "admin_password": null,
            "admin_ssh_key": [
              {
                "public_key": "ssh-rsa AAAAB3NzaC1yc2EAAAADAQABAAABgQDq/wg2fQSB8mieiOVKUBnDWhzMVAMSluoVl5RAwr2pLHF8qTbV0k2SjSqPGUxWU3ZJ8CVuL8FGLI5fgb/nmvJxvwRkESh30eYczr5hKjYYFdqzWyKJGAygi5Qa8m7eIRrIucy7Pd9541mDH/q8Q6YIeOYWTtUqN4yPKRHbGYz76C333U3TkEFDk+YbOwA4YkLwFvFCHI3/cHU4XA9UihMJxlgr9TB/kZCBmVnRwkYd8i1NbZaDENgC/jfJA6sjH1CskOF0kgbFkFzfqo4zm/B3czBWHvv7nMTH8Wty2CY67bJfcxYlAAvu5X0FRRR4VL5crOIIP8TOF1vWI5tdmb8iC2tJ2AN6BVECbDmskh0FHncd1JnTA0LWeLafwGfp0jO3Rh2fLRpDvfp5Ps3mSfbXNYGnPZs3c4S6V1vUkeKeU/gHPDcM4wuQjztjSIImH4ZFkD+zLlk7psfxWLPtJlk8KkZST6nv99/Sb7XzjHl3yIJz/G9QS4V520tFpzMc3OM= amin6010@amin6010-vm1\n",
                "username": "amin6010"
              }
            ],
            "admin_username": "amin6010",
            "allow_extension_operations": true,
            "availability_set_id": "/subscriptions/5ab685ad-c0ee-4b95-a5a4-cb74745aeb1f/resourceGroups/assignment2-rg/providers/Microsoft.Compute/availabilitySets/LINUX_AVS",
            "boot_diagnostics": [
              {
                "storage_account_uri": "https://assign1stoac.blob.core.windows.net/"
              }
            ],
            "computer_name": "linux2",
            "custom_data": null,
            "dedicated_host_id": "",
            "disable_password_authentication": true,
            "encryption_at_host_enabled": false,
            "eviction_policy": "",
            "extensions_time_budget": "PT1H30M",
            "id": "/subscriptions/5ab685ad-c0ee-4b95-a5a4-cb74745aeb1f/resourceGroups/assignment2-rg/providers/Microsoft.Compute/virtualMachines/linux2",
            "identity": [],
            "license_type": "",
            "location": "canadacentral",
            "max_bid_price": -1,
            "name": "linux2",
            "network_interface_ids": [
              "/subscriptions/5ab685ad-c0ee-4b95-a5a4-cb74745aeb1f/resourceGroups/assignment2-rg/providers/Microsoft.Network/networkInterfaces/linux2-nic"
            ],
            "os_disk": [
              {
                "caching": "ReadWrite",
                "diff_disk_settings": [],
                "disk_encryption_set_id": "",
                "disk_size_gb": 32,
                "name": "linux2_OsDisk_1_e7bb63d10dde4afcbcaf37df8d1b733e",
                "storage_account_type": "Premium_LRS",
                "write_accelerator_enabled": false
              }
            ],
            "patch_mode": "ImageDefault",
            "plan": [],
            "platform_fault_domain": -1,
            "priority": "Regular",
            "private_ip_address": "10.0.1.6",
            "private_ip_addresses": [
              "10.0.1.6"
            ],
            "provision_vm_agent": true,
            "proximity_placement_group_id": "",
            "public_ip_address": "20.104.230.161",
            "public_ip_addresses": [
              "20.104.230.161"
            ],
            "resource_group_name": "assignment2-rg",
            "secret": [],
            "secure_boot_enabled": false,
            "size": "Standard_B1s",
            "source_image_id": "",
            "source_image_reference": [
              {
                "offer": "CentOS",
                "publisher": "OpenLogic",
                "sku": "8_2",
                "version": "8.2.2020111800"
              }
            ],
            "tags": {
              "Environment": "Lab",
              "ExpirationDate": "2022-04-19",
              "Name": "Amin Fakhri",
              "Project": "Automation project - Assignment 2 "
            },
            "timeouts": null,
            "user_data": "",
            "virtual_machine_id": "2eec29d1-ae68-411b-9779-58ef4b5746fe",
            "virtual_machine_scale_set_id": "",
            "vtpm_enabled": false,
            "zone": ""
          },
          "sensitive_attributes": [],
          "private": "eyJlMmJmYjczMC1lY2FhLTExZTYtOGY4OC0zNDM2M2JjN2M0YzAiOnsiY3JlYXRlIjoyNzAwMDAwMDAwMDAwLCJkZWxldGUiOjI3MDAwMDAwMDAwMDAsInJlYWQiOjMwMDAwMDAwMDAwMCwidXBkYXRlIjoyNzAwMDAwMDAwMDAwfX0=",
          "dependencies": [
            "module.common.azurerm_storage_account.assignment1-sto-acc",
            "module.network.azurerm_network_security_group.assignment1-nsg",
            "module.network.azurerm_subnet.assignment1-subnet",
            "module.network.azurerm_subnet_network_security_group_association.assignment1-nsga",
            "module.network.azurerm_virtual_network.assignment1-vnet",
            "module.rgroup.azurerm_resource_group.assignment2-rg",
            "module.vmlinux.azurerm_availability_set.linux_avs",
            "module.vmlinux.azurerm_network_interface.linux_nic",
            "module.vmlinux.azurerm_public_ip.linux_pip"
          ]
        }
      ]
    },
    {
      "module": "module.vmlinux",
      "mode": "managed",
      "type": "azurerm_managed_disk",
      "name": "assignment1-disk-linux",
      "provider": "provider[\"registry.terraform.io/hashicorp/azurerm\"]",
      "instances": [
        {
          "index_key": "linux1",
          "schema_version": 0,
          "attributes": {
            "create_option": "Empty",
            "disk_access_id": "",
            "disk_encryption_set_id": "",
            "disk_iops_read_only": 0,
            "disk_iops_read_write": 500,
            "disk_mbps_read_only": 0,
            "disk_mbps_read_write": 60,
            "disk_size_gb": 30,
            "encryption_settings": [],
            "gallery_image_reference_id": "",
            "hyper_v_generation": "",
            "id": "/subscriptions/5ab685ad-c0ee-4b95-a5a4-cb74745aeb1f/resourceGroups/assignment2-rg/providers/Microsoft.Compute/disks/linux1-datadisk",
            "image_reference_id": "",
            "location": "canadacentral",
            "logical_sector_size": null,
            "max_shares": 0,
            "name": "linux1-datadisk",
            "network_access_policy": null,
            "on_demand_bursting_enabled": false,
            "os_type": "",
            "public_network_access_enabled": true,
            "resource_group_name": "assignment2-rg",
            "source_resource_id": "",
            "source_uri": "",
            "storage_account_id": "",
            "storage_account_type": "Standard_LRS",
            "tags": {
              "Environment": "Lab",
              "ExpirationDate": "2022-04-19",
              "Name": "Amin Fakhri",
              "Project": "Automation project - Assignment 2 "
            },
            "tier": "",
            "timeouts": null,
            "trusted_launch_enabled": false,
            "zones": null
          },
          "sensitive_attributes": [],
          "private": "eyJlMmJmYjczMC1lY2FhLTExZTYtOGY4OC0zNDM2M2JjN2M0YzAiOnsiY3JlYXRlIjoxODAwMDAwMDAwMDAwLCJkZWxldGUiOjE4MDAwMDAwMDAwMDAsInJlYWQiOjMwMDAwMDAwMDAwMCwidXBkYXRlIjoxODAwMDAwMDAwMDAwfX0=",
          "dependencies": [
            "module.network.azurerm_network_security_group.assignment1-nsg",
            "module.network.azurerm_subnet.assignment1-subnet",
            "module.network.azurerm_subnet_network_security_group_association.assignment1-nsga",
            "module.network.azurerm_virtual_network.assignment1-vnet",
            "module.rgroup.azurerm_resource_group.assignment2-rg"
          ]
        },
        {
          "index_key": "linux2",
          "schema_version": 0,
          "attributes": {
            "create_option": "Empty",
            "disk_access_id": "",
            "disk_encryption_set_id": "",
            "disk_iops_read_only": 0,
            "disk_iops_read_write": 500,
            "disk_mbps_read_only": 0,
            "disk_mbps_read_write": 60,
            "disk_size_gb": 30,
            "encryption_settings": [],
            "gallery_image_reference_id": "",
            "hyper_v_generation": "",
            "id": "/subscriptions/5ab685ad-c0ee-4b95-a5a4-cb74745aeb1f/resourceGroups/assignment2-rg/providers/Microsoft.Compute/disks/linux2-datadisk",
            "image_reference_id": "",
            "location": "canadacentral",
            "logical_sector_size": null,
            "max_shares": 0,
            "name": "linux2-datadisk",
            "network_access_policy": null,
            "on_demand_bursting_enabled": false,
            "os_type": "",
            "public_network_access_enabled": true,
            "resource_group_name": "assignment2-rg",
            "source_resource_id": "",
            "source_uri": "",
            "storage_account_id": "",
            "storage_account_type": "Standard_LRS",
            "tags": {
              "Environment": "Lab",
              "ExpirationDate": "2022-04-19",
              "Name": "Amin Fakhri",
              "Project": "Automation project - Assignment 2 "
            },
            "tier": "",
            "timeouts": null,
            "trusted_launch_enabled": false,
            "zones": null
          },
          "sensitive_attributes": [],
          "private": "eyJlMmJmYjczMC1lY2FhLTExZTYtOGY4OC0zNDM2M2JjN2M0YzAiOnsiY3JlYXRlIjoxODAwMDAwMDAwMDAwLCJkZWxldGUiOjE4MDAwMDAwMDAwMDAsInJlYWQiOjMwMDAwMDAwMDAwMCwidXBkYXRlIjoxODAwMDAwMDAwMDAwfX0=",
          "dependencies": [
            "module.network.azurerm_network_security_group.assignment1-nsg",
            "module.network.azurerm_subnet.assignment1-subnet",
            "module.network.azurerm_subnet_network_security_group_association.assignment1-nsga",
            "module.network.azurerm_virtual_network.assignment1-vnet",
            "module.rgroup.azurerm_resource_group.assignment2-rg"
          ]
        }
      ]
    },
    {
      "module": "module.vmlinux",
      "mode": "managed",
      "type": "azurerm_network_interface",
      "name": "linux_nic",
      "provider": "provider[\"registry.terraform.io/hashicorp/azurerm\"]",
      "instances": [
        {
          "index_key": "linux1",
          "schema_version": 0,
          "attributes": {
            "applied_dns_servers": [],
            "dns_servers": [],
            "enable_accelerated_networking": false,
            "enable_ip_forwarding": false,
            "id": "/subscriptions/5ab685ad-c0ee-4b95-a5a4-cb74745aeb1f/resourceGroups/assignment2-rg/providers/Microsoft.Network/networkInterfaces/linux1-nic",
            "internal_dns_name_label": "",
            "internal_domain_name_suffix": "cbdrewxhw0refafnzicnxadxdd.ux.internal.cloudapp.net",
            "ip_configuration": [
              {
                "gateway_load_balancer_frontend_ip_configuration_id": "",
                "name": "linux1-nic-ip",
                "primary": true,
                "private_ip_address": "10.0.1.5",
                "private_ip_address_allocation": "Dynamic",
                "private_ip_address_version": "IPv4",
                "public_ip_address_id": "/subscriptions/5ab685ad-c0ee-4b95-a5a4-cb74745aeb1f/resourceGroups/assignment2-rg/providers/Microsoft.Network/publicIPAddresses/linux1-pip",
                "subnet_id": "/subscriptions/5ab685ad-c0ee-4b95-a5a4-cb74745aeb1f/resourceGroups/assignment2-rg/providers/Microsoft.Network/virtualNetworks/Assignment1-vnet/subnets/Assignment1-subnet"
              }
            ],
            "location": "canadacentral",
            "mac_address": "",
            "name": "linux1-nic",
            "private_ip_address": "10.0.1.5",
            "private_ip_addresses": [
              "10.0.1.5"
            ],
            "resource_group_name": "assignment2-rg",
            "tags": {
              "Environment": "Lab",
              "ExpirationDate": "2022-04-19",
              "Name": "Amin Fakhri",
              "Project": "Automation project - Assignment 2 "
            },
            "timeouts": null,
            "virtual_machine_id": ""
          },
          "sensitive_attributes": [],
          "private": "eyJlMmJmYjczMC1lY2FhLTExZTYtOGY4OC0zNDM2M2JjN2M0YzAiOnsiY3JlYXRlIjoxODAwMDAwMDAwMDAwLCJkZWxldGUiOjE4MDAwMDAwMDAwMDAsInJlYWQiOjMwMDAwMDAwMDAwMCwidXBkYXRlIjoxODAwMDAwMDAwMDAwfX0=",
          "dependencies": [
            "module.network.azurerm_network_security_group.assignment1-nsg",
            "module.network.azurerm_subnet.assignment1-subnet",
            "module.network.azurerm_subnet_network_security_group_association.assignment1-nsga",
            "module.network.azurerm_virtual_network.assignment1-vnet",
            "module.rgroup.azurerm_resource_group.assignment2-rg",
            "module.vmlinux.azurerm_public_ip.linux_pip"
          ]
        },
        {
          "index_key": "linux2",
          "schema_version": 0,
          "attributes": {
            "applied_dns_servers": [],
            "dns_servers": [],
            "enable_accelerated_networking": false,
            "enable_ip_forwarding": false,
            "id": "/subscriptions/5ab685ad-c0ee-4b95-a5a4-cb74745aeb1f/resourceGroups/assignment2-rg/providers/Microsoft.Network/networkInterfaces/linux2-nic",
            "internal_dns_name_label": "",
            "internal_domain_name_suffix": "cbdrewxhw0refafnzicnxadxdd.ux.internal.cloudapp.net",
            "ip_configuration": [
              {
                "gateway_load_balancer_frontend_ip_configuration_id": "",
                "name": "linux2-nic-ip",
                "primary": true,
                "private_ip_address": "10.0.1.6",
                "private_ip_address_allocation": "Dynamic",
                "private_ip_address_version": "IPv4",
                "public_ip_address_id": "/subscriptions/5ab685ad-c0ee-4b95-a5a4-cb74745aeb1f/resourceGroups/assignment2-rg/providers/Microsoft.Network/publicIPAddresses/linux2-pip",
                "subnet_id": "/subscriptions/5ab685ad-c0ee-4b95-a5a4-cb74745aeb1f/resourceGroups/assignment2-rg/providers/Microsoft.Network/virtualNetworks/Assignment1-vnet/subnets/Assignment1-subnet"
              }
            ],
            "location": "canadacentral",
            "mac_address": "",
            "name": "linux2-nic",
            "private_ip_address": "10.0.1.6",
            "private_ip_addresses": [
              "10.0.1.6"
            ],
            "resource_group_name": "assignment2-rg",
            "tags": {
              "Environment": "Lab",
              "ExpirationDate": "2022-04-19",
              "Name": "Amin Fakhri",
              "Project": "Automation project - Assignment 2 "
            },
            "timeouts": null,
            "virtual_machine_id": ""
          },
          "sensitive_attributes": [],
          "private": "eyJlMmJmYjczMC1lY2FhLTExZTYtOGY4OC0zNDM2M2JjN2M0YzAiOnsiY3JlYXRlIjoxODAwMDAwMDAwMDAwLCJkZWxldGUiOjE4MDAwMDAwMDAwMDAsInJlYWQiOjMwMDAwMDAwMDAwMCwidXBkYXRlIjoxODAwMDAwMDAwMDAwfX0=",
          "dependencies": [
            "module.network.azurerm_network_security_group.assignment1-nsg",
            "module.network.azurerm_subnet.assignment1-subnet",
            "module.network.azurerm_subnet_network_security_group_association.assignment1-nsga",
            "module.network.azurerm_virtual_network.assignment1-vnet",
            "module.rgroup.azurerm_resource_group.assignment2-rg",
            "module.vmlinux.azurerm_public_ip.linux_pip"
          ]
        }
      ]
    },
    {
      "module": "module.vmlinux",
      "mode": "managed",
      "type": "azurerm_public_ip",
      "name": "linux_pip",
      "provider": "provider[\"registry.terraform.io/hashicorp/azurerm\"]",
      "instances": [
        {
          "index_key": "linux1",
          "schema_version": 0,
          "attributes": {
            "allocation_method": "Static",
            "availability_zone": "No-Zone",
            "domain_name_label": "linux1",
            "fqdn": "linux1.canadacentral.cloudapp.azure.com",
            "id": "/subscriptions/5ab685ad-c0ee-4b95-a5a4-cb74745aeb1f/resourceGroups/assignment2-rg/providers/Microsoft.Network/publicIPAddresses/linux1-pip",
            "idle_timeout_in_minutes": 4,
            "ip_address": "20.116.63.131",
            "ip_tags": null,
            "ip_version": "IPv4",
            "location": "canadacentral",
            "name": "linux1-pip",
            "public_ip_prefix_id": null,
            "resource_group_name": "assignment2-rg",
            "reverse_fqdn": "",
            "sku": "Basic",
            "sku_tier": "Regional",
            "tags": {
              "Environment": "Lab",
              "ExpirationDate": "2022-04-19",
              "Name": "Amin Fakhri",
              "Project": "Automation project - Assignment 2 "
            },
            "timeouts": null,
            "zones": []
          },
          "sensitive_attributes": [],
          "private": "eyJlMmJmYjczMC1lY2FhLTExZTYtOGY4OC0zNDM2M2JjN2M0YzAiOnsiY3JlYXRlIjoxODAwMDAwMDAwMDAwLCJkZWxldGUiOjE4MDAwMDAwMDAwMDAsInJlYWQiOjMwMDAwMDAwMDAwMCwidXBkYXRlIjoxODAwMDAwMDAwMDAwfX0=",
          "dependencies": [
            "module.network.azurerm_network_security_group.assignment1-nsg",
            "module.network.azurerm_subnet.assignment1-subnet",
            "module.network.azurerm_subnet_network_security_group_association.assignment1-nsga",
            "module.network.azurerm_virtual_network.assignment1-vnet",
            "module.rgroup.azurerm_resource_group.assignment2-rg"
          ]
        },
        {
          "index_key": "linux2",
          "schema_version": 0,
          "attributes": {
            "allocation_method": "Static",
            "availability_zone": "No-Zone",
            "domain_name_label": "linux2",
            "fqdn": "linux2.canadacentral.cloudapp.azure.com",
            "id": "/subscriptions/5ab685ad-c0ee-4b95-a5a4-cb74745aeb1f/resourceGroups/assignment2-rg/providers/Microsoft.Network/publicIPAddresses/linux2-pip",
            "idle_timeout_in_minutes": 4,
            "ip_address": "20.104.230.161",
            "ip_tags": null,
            "ip_version": "IPv4",
            "location": "canadacentral",
            "name": "linux2-pip",
            "public_ip_prefix_id": null,
            "resource_group_name": "assignment2-rg",
            "reverse_fqdn": "",
            "sku": "Basic",
            "sku_tier": "Regional",
            "tags": {
              "Environment": "Lab",
              "ExpirationDate": "2022-04-19",
              "Name": "Amin Fakhri",
              "Project": "Automation project - Assignment 2 "
            },
            "timeouts": null,
            "zones": []
          },
          "sensitive_attributes": [],
          "private": "eyJlMmJmYjczMC1lY2FhLTExZTYtOGY4OC0zNDM2M2JjN2M0YzAiOnsiY3JlYXRlIjoxODAwMDAwMDAwMDAwLCJkZWxldGUiOjE4MDAwMDAwMDAwMDAsInJlYWQiOjMwMDAwMDAwMDAwMCwidXBkYXRlIjoxODAwMDAwMDAwMDAwfX0=",
          "dependencies": [
            "module.network.azurerm_network_security_group.assignment1-nsg",
            "module.network.azurerm_subnet.assignment1-subnet",
            "module.network.azurerm_subnet_network_security_group_association.assignment1-nsga",
            "module.network.azurerm_virtual_network.assignment1-vnet",
            "module.rgroup.azurerm_resource_group.assignment2-rg"
          ]
        }
      ]
    },
    {
      "module": "module.vmlinux",
      "mode": "managed",
      "type": "azurerm_virtual_machine_data_disk_attachment",
      "name": "assignment1-attach-linux",
      "provider": "provider[\"registry.terraform.io/hashicorp/azurerm\"]",
      "instances": [
        {
          "index_key": "linux1",
          "schema_version": 0,
          "attributes": {
            "caching": "ReadWrite",
            "create_option": "Attach",
            "id": "/subscriptions/5ab685ad-c0ee-4b95-a5a4-cb74745aeb1f/resourceGroups/assignment2-rg/providers/Microsoft.Compute/virtualMachines/linux1/dataDisks/linux1-datadisk",
            "lun": 0,
            "managed_disk_id": "/subscriptions/5ab685ad-c0ee-4b95-a5a4-cb74745aeb1f/resourceGroups/assignment2-rg/providers/Microsoft.Compute/disks/linux1-datadisk",
            "timeouts": null,
            "virtual_machine_id": "/subscriptions/5ab685ad-c0ee-4b95-a5a4-cb74745aeb1f/resourceGroups/assignment2-rg/providers/Microsoft.Compute/virtualMachines/linux1",
            "write_accelerator_enabled": false
          },
          "sensitive_attributes": [],
          "private": "eyJlMmJmYjczMC1lY2FhLTExZTYtOGY4OC0zNDM2M2JjN2M0YzAiOnsiY3JlYXRlIjoxODAwMDAwMDAwMDAwLCJkZWxldGUiOjE4MDAwMDAwMDAwMDAsInJlYWQiOjMwMDAwMDAwMDAwMCwidXBkYXRlIjoxODAwMDAwMDAwMDAwfX0=",
          "dependencies": [
            "module.common.azurerm_storage_account.assignment1-sto-acc",
            "module.network.azurerm_network_security_group.assignment1-nsg",
            "module.network.azurerm_subnet.assignment1-subnet",
            "module.network.azurerm_subnet_network_security_group_association.assignment1-nsga",
            "module.network.azurerm_virtual_network.assignment1-vnet",
            "module.rgroup.azurerm_resource_group.assignment2-rg",
            "module.vmlinux.azurerm_availability_set.linux_avs",
            "module.vmlinux.azurerm_linux_virtual_machine.linux_vm",
            "module.vmlinux.azurerm_managed_disk.assignment1-disk-linux",
            "module.vmlinux.azurerm_network_interface.linux_nic",
            "module.vmlinux.azurerm_public_ip.linux_pip"
          ]
        },
        {
          "index_key": "linux2",
          "schema_version": 0,
          "attributes": {
            "caching": "ReadWrite",
            "create_option": "Attach",
            "id": "/subscriptions/5ab685ad-c0ee-4b95-a5a4-cb74745aeb1f/resourceGroups/assignment2-rg/providers/Microsoft.Compute/virtualMachines/linux2/dataDisks/linux2-datadisk",
            "lun": 0,
            "managed_disk_id": "/subscriptions/5ab685ad-c0ee-4b95-a5a4-cb74745aeb1f/resourceGroups/assignment2-rg/providers/Microsoft.Compute/disks/linux2-datadisk",
            "timeouts": null,
            "virtual_machine_id": "/subscriptions/5ab685ad-c0ee-4b95-a5a4-cb74745aeb1f/resourceGroups/assignment2-rg/providers/Microsoft.Compute/virtualMachines/linux2",
            "write_accelerator_enabled": false
          },
          "sensitive_attributes": [],
          "private": "eyJlMmJmYjczMC1lY2FhLTExZTYtOGY4OC0zNDM2M2JjN2M0YzAiOnsiY3JlYXRlIjoxODAwMDAwMDAwMDAwLCJkZWxldGUiOjE4MDAwMDAwMDAwMDAsInJlYWQiOjMwMDAwMDAwMDAwMCwidXBkYXRlIjoxODAwMDAwMDAwMDAwfX0=",
          "dependencies": [
            "module.common.azurerm_storage_account.assignment1-sto-acc",
            "module.network.azurerm_network_security_group.assignment1-nsg",
            "module.network.azurerm_subnet.assignment1-subnet",
            "module.network.azurerm_subnet_network_security_group_association.assignment1-nsga",
            "module.network.azurerm_virtual_network.assignment1-vnet",
            "module.rgroup.azurerm_resource_group.assignment2-rg",
            "module.vmlinux.azurerm_availability_set.linux_avs",
            "module.vmlinux.azurerm_linux_virtual_machine.linux_vm",
            "module.vmlinux.azurerm_managed_disk.assignment1-disk-linux",
            "module.vmlinux.azurerm_network_interface.linux_nic",
            "module.vmlinux.azurerm_public_ip.linux_pip"
          ]
        }
      ]
    },
    {
      "module": "module.vmlinux",
      "mode": "managed",
      "type": "null_resource",
      "name": "linux_provisioner",
      "provider": "provider[\"registry.terraform.io/hashicorp/null\"]",
      "instances": [
        {
          "index_key": "linux1",
          "status": "tainted",
          "schema_version": 0,
          "attributes": {
            "id": "2393322177910741099",
            "triggers": null
          },
          "sensitive_attributes": [],
          "private": "bnVsbA==",
          "dependencies": [
            "module.common.azurerm_storage_account.assignment1-sto-acc",
            "module.network.azurerm_network_security_group.assignment1-nsg",
            "module.network.azurerm_subnet.assignment1-subnet",
            "module.network.azurerm_subnet_network_security_group_association.assignment1-nsga",
            "module.network.azurerm_virtual_network.assignment1-vnet",
            "module.rgroup.azurerm_resource_group.assignment2-rg",
            "module.vmlinux.azurerm_availability_set.linux_avs",
            "module.vmlinux.azurerm_linux_virtual_machine.linux_vm",
            "module.vmlinux.azurerm_network_interface.linux_nic",
            "module.vmlinux.azurerm_public_ip.linux_pip"
          ]
        },
        {
          "index_key": "linux2",
          "status": "tainted",
          "schema_version": 0,
          "attributes": {
            "id": "6537547007566263353",
            "triggers": null
          },
          "sensitive_attributes": [],
          "private": "bnVsbA==",
          "dependencies": [
            "module.common.azurerm_storage_account.assignment1-sto-acc",
            "module.network.azurerm_network_security_group.assignment1-nsg",
            "module.network.azurerm_subnet.assignment1-subnet",
            "module.network.azurerm_subnet_network_security_group_association.assignment1-nsga",
            "module.network.azurerm_virtual_network.assignment1-vnet",
            "module.rgroup.azurerm_resource_group.assignment2-rg",
            "module.vmlinux.azurerm_availability_set.linux_avs",
            "module.vmlinux.azurerm_linux_virtual_machine.linux_vm",
            "module.vmlinux.azurerm_network_interface.linux_nic",
            "module.vmlinux.azurerm_public_ip.linux_pip"
          ]
        }
      ]
    },
    {
      "module": "module.vmwindows",
      "mode": "managed",
      "type": "azurerm_availability_set",
      "name": "windows_avs",
      "provider": "provider[\"registry.terraform.io/hashicorp/azurerm\"]",
      "instances": [
        {
          "schema_version": 0,
          "attributes": {
            "id": "/subscriptions/5ab685ad-c0ee-4b95-a5a4-cb74745aeb1f/resourceGroups/assignment2-rg/providers/Microsoft.Compute/availabilitySets/windows_avs",
            "location": "canadacentral",
            "managed": true,
            "name": "windows_avs",
            "platform_fault_domain_count": 2,
            "platform_update_domain_count": 5,
            "proximity_placement_group_id": null,
            "resource_group_name": "assignment2-rg",
            "tags": {
              "Environment": "Lab",
              "ExpirationDate": "2022-04-19",
              "Name": "Amin Fakhri",
              "Project": "Automation project - Assignment 2 "
            },
            "timeouts": null
          },
          "sensitive_attributes": [],
          "private": "eyJlMmJmYjczMC1lY2FhLTExZTYtOGY4OC0zNDM2M2JjN2M0YzAiOnsiY3JlYXRlIjoxODAwMDAwMDAwMDAwLCJkZWxldGUiOjE4MDAwMDAwMDAwMDAsInJlYWQiOjMwMDAwMDAwMDAwMCwidXBkYXRlIjoxODAwMDAwMDAwMDAwfX0=",
          "dependencies": [
            "module.network.azurerm_network_security_group.assignment1-nsg",
            "module.network.azurerm_subnet.assignment1-subnet",
            "module.network.azurerm_subnet_network_security_group_association.assignment1-nsga",
            "module.network.azurerm_virtual_network.assignment1-vnet",
            "module.rgroup.azurerm_resource_group.assignment2-rg"
          ]
        }
      ]
    },
    {
      "module": "module.vmwindows",
      "mode": "managed",
      "type": "azurerm_network_interface",
      "name": "windows_nic",
      "provider": "provider[\"registry.terraform.io/hashicorp/azurerm\"]",
      "instances": [
        {
          "schema_version": 0,
          "attributes": {
            "applied_dns_servers": [],
            "dns_servers": [],
            "enable_accelerated_networking": false,
            "enable_ip_forwarding": false,
            "id": "/subscriptions/5ab685ad-c0ee-4b95-a5a4-cb74745aeb1f/resourceGroups/assignment2-rg/providers/Microsoft.Network/networkInterfaces/win-nic",
            "internal_dns_name_label": "",
            "internal_domain_name_suffix": "cbdrewxhw0refafnzicnxadxdd.ux.internal.cloudapp.net",
            "ip_configuration": [
              {
                "gateway_load_balancer_frontend_ip_configuration_id": "",
                "name": "internal",
                "primary": true,
                "private_ip_address": "10.0.1.4",
                "private_ip_address_allocation": "Dynamic",
                "private_ip_address_version": "IPv4",
                "public_ip_address_id": "/subscriptions/5ab685ad-c0ee-4b95-a5a4-cb74745aeb1f/resourceGroups/assignment2-rg/providers/Microsoft.Network/publicIPAddresses/win-pip",
                "subnet_id": "/subscriptions/5ab685ad-c0ee-4b95-a5a4-cb74745aeb1f/resourceGroups/assignment2-rg/providers/Microsoft.Network/virtualNetworks/Assignment1-vnet/subnets/Assignment1-subnet"
              }
            ],
            "location": "canadacentral",
            "mac_address": "",
            "name": "win-nic",
            "private_ip_address": "10.0.1.4",
            "private_ip_addresses": [
              "10.0.1.4"
            ],
            "resource_group_name": "assignment2-rg",
            "tags": {
              "Environment": "Lab",
              "ExpirationDate": "2022-04-19",
              "Name": "Amin Fakhri",
              "Project": "Automation project - Assignment 2 "
            },
            "timeouts": null,
            "virtual_machine_id": ""
          },
          "sensitive_attributes": [],
          "private": "eyJlMmJmYjczMC1lY2FhLTExZTYtOGY4OC0zNDM2M2JjN2M0YzAiOnsiY3JlYXRlIjoxODAwMDAwMDAwMDAwLCJkZWxldGUiOjE4MDAwMDAwMDAwMDAsInJlYWQiOjMwMDAwMDAwMDAwMCwidXBkYXRlIjoxODAwMDAwMDAwMDAwfX0=",
          "dependencies": [
            "module.network.azurerm_network_security_group.assignment1-nsg",
            "module.network.azurerm_subnet.assignment1-subnet",
            "module.network.azurerm_subnet_network_security_group_association.assignment1-nsga",
            "module.network.azurerm_virtual_network.assignment1-vnet",
            "module.rgroup.azurerm_resource_group.assignment2-rg",
            "module.vmwindows.azurerm_public_ip.windows_pip"
          ]
        }
      ]
    },
    {
      "module": "module.vmwindows",
      "mode": "managed",
      "type": "azurerm_public_ip",
      "name": "windows_pip",
      "provider": "provider[\"registry.terraform.io/hashicorp/azurerm\"]",
      "instances": [
        {
          "schema_version": 0,
          "attributes": {
            "allocation_method": "Static",
            "availability_zone": "No-Zone",
            "domain_name_label": "winvm",
            "fqdn": "winvm.canadacentral.cloudapp.azure.com",
            "id": "/subscriptions/5ab685ad-c0ee-4b95-a5a4-cb74745aeb1f/resourceGroups/assignment2-rg/providers/Microsoft.Network/publicIPAddresses/win-pip",
            "idle_timeout_in_minutes": 4,
            "ip_address": "20.116.63.82",
            "ip_tags": null,
            "ip_version": "IPv4",
            "location": "canadacentral",
            "name": "win-pip",
            "public_ip_prefix_id": null,
            "resource_group_name": "assignment2-rg",
            "reverse_fqdn": "",
            "sku": "Basic",
            "sku_tier": "Regional",
            "tags": {
              "Environment": "Lab",
              "ExpirationDate": "2022-04-19",
              "Name": "Amin Fakhri",
              "Project": "Automation project - Assignment 2 "
            },
            "timeouts": null,
            "zones": []
          },
          "sensitive_attributes": [],
          "private": "eyJlMmJmYjczMC1lY2FhLTExZTYtOGY4OC0zNDM2M2JjN2M0YzAiOnsiY3JlYXRlIjoxODAwMDAwMDAwMDAwLCJkZWxldGUiOjE4MDAwMDAwMDAwMDAsInJlYWQiOjMwMDAwMDAwMDAwMCwidXBkYXRlIjoxODAwMDAwMDAwMDAwfX0=",
          "dependencies": [
            "module.network.azurerm_network_security_group.assignment1-nsg",
            "module.network.azurerm_subnet.assignment1-subnet",
            "module.network.azurerm_subnet_network_security_group_association.assignment1-nsga",
            "module.network.azurerm_virtual_network.assignment1-vnet",
            "module.rgroup.azurerm_resource_group.assignment2-rg"
          ]
        }
      ]
    },
    {
      "module": "module.vmwindows",
      "mode": "managed",
      "type": "azurerm_virtual_machine_extension",
      "name": "windows_extension",
      "provider": "provider[\"registry.terraform.io/hashicorp/azurerm\"]",
      "instances": [
        {
          "schema_version": 0,
          "attributes": {
            "auto_upgrade_minor_version": true,
            "automatic_upgrade_enabled": false,
            "id": "/subscriptions/5ab685ad-c0ee-4b95-a5a4-cb74745aeb1f/resourceGroups/assignment2-rg/providers/Microsoft.Compute/virtualMachines/winvm/extensions/antimalware_extension",
            "name": "antimalware_extension",
            "protected_settings": null,
            "publisher": "Microsoft.Azure.Security",
            "settings": "{\"AntimalwareEnabled\":true,\"Exclusions\":{\"Extensions\":\"\",\"Paths\":\"\",\"Processes\":\"\"},\"RealtimeProtectionEnabled\":\"true\",\"ScheduledScanSettings\":{\"day\":\"1\",\"isEnabled\":\"true\",\"scanType\":\"Quick\",\"time\":\"120\"}}",
            "tags": {
              "Environment": "Lab",
              "ExpirationDate": "2022-04-19",
              "Name": "Amin Fakhri",
              "Project": "Automation project - Assignment 2 "
            },
            "timeouts": null,
            "type": "IaaSAntimalware",
            "type_handler_version": "1.3",
            "virtual_machine_id": "/subscriptions/5ab685ad-c0ee-4b95-a5a4-cb74745aeb1f/resourceGroups/assignment2-rg/providers/Microsoft.Compute/virtualMachines/winvm"
          },
          "sensitive_attributes": [],
          "private": "eyJlMmJmYjczMC1lY2FhLTExZTYtOGY4OC0zNDM2M2JjN2M0YzAiOnsiY3JlYXRlIjoxODAwMDAwMDAwMDAwLCJkZWxldGUiOjE4MDAwMDAwMDAwMDAsInJlYWQiOjMwMDAwMDAwMDAwMCwidXBkYXRlIjoxODAwMDAwMDAwMDAwfX0=",
          "dependencies": [
            "module.common.azurerm_storage_account.assignment1-sto-acc",
            "module.network.azurerm_network_security_group.assignment1-nsg",
            "module.network.azurerm_subnet.assignment1-subnet",
            "module.network.azurerm_subnet_network_security_group_association.assignment1-nsga",
            "module.network.azurerm_virtual_network.assignment1-vnet",
            "module.rgroup.azurerm_resource_group.assignment2-rg",
            "module.vmwindows.azurerm_availability_set.windows_avs",
            "module.vmwindows.azurerm_network_interface.windows_nic",
            "module.vmwindows.azurerm_public_ip.windows_pip",
            "module.vmwindows.azurerm_windows_virtual_machine.windows_vm"
          ]
        }
      ]
    },
    {
      "module": "module.vmwindows",
      "mode": "managed",
      "type": "azurerm_windows_virtual_machine",
      "name": "windows_vm",
      "provider": "provider[\"registry.terraform.io/hashicorp/azurerm\"]",
      "instances": [
        {
          "schema_version": 0,
          "attributes": {
            "additional_capabilities": [],
            "additional_unattend_content": [],
            "admin_password": "P@$$w0rd1234!",
            "admin_username": "auto",
            "allow_extension_operations": true,
            "availability_set_id": "/subscriptions/5ab685ad-c0ee-4b95-a5a4-cb74745aeb1f/resourceGroups/assignment2-rg/providers/Microsoft.Compute/availabilitySets/WINDOWS_AVS",
            "boot_diagnostics": [
              {
                "storage_account_uri": "https://assign1stoac.blob.core.windows.net/"
              }
            ],
            "computer_name": "winvm",
            "custom_data": null,
            "dedicated_host_id": "",
            "enable_automatic_updates": true,
            "encryption_at_host_enabled": false,
            "eviction_policy": "",
            "extensions_time_budget": "PT1H30M",
            "id": "/subscriptions/5ab685ad-c0ee-4b95-a5a4-cb74745aeb1f/resourceGroups/assignment2-rg/providers/Microsoft.Compute/virtualMachines/winvm",
            "identity": [],
            "license_type": "",
            "location": "canadacentral",
            "max_bid_price": -1,
            "name": "winvm",
            "network_interface_ids": [
              "/subscriptions/5ab685ad-c0ee-4b95-a5a4-cb74745aeb1f/resourceGroups/assignment2-rg/providers/Microsoft.Network/networkInterfaces/win-nic"
            ],
            "os_disk": [
              {
                "caching": "ReadWrite",
                "diff_disk_settings": [],
                "disk_encryption_set_id": "",
                "disk_size_gb": 127,
                "name": "win-os_disk",
                "storage_account_type": "StandardSSD_LRS",
                "write_accelerator_enabled": false
              }
            ],
            "patch_mode": "AutomaticByOS",
            "plan": [],
            "platform_fault_domain": -1,
            "priority": "Regular",
            "private_ip_address": "10.0.1.4",
            "private_ip_addresses": [
              "10.0.1.4"
            ],
            "provision_vm_agent": true,
            "proximity_placement_group_id": "",
            "public_ip_address": "20.116.63.82",
            "public_ip_addresses": [
              "20.116.63.82"
            ],
            "resource_group_name": "assignment2-rg",
            "secret": [],
            "secure_boot_enabled": false,
            "size": "Standard_F2",
            "source_image_id": "",
            "source_image_reference": [
              {
                "offer": "WindowsServer",
                "publisher": "MicrosoftWindowsServer",
                "sku": "2016-Datacenter",
                "version": "latest"
              }
            ],
            "tags": {
              "Environment": "Lab",
              "ExpirationDate": "2022-04-19",
              "Name": "Amin Fakhri",
              "Project": "Automation project - Assignment 2 "
            },
            "timeouts": null,
            "timezone": "",
            "user_data": "",
            "virtual_machine_id": "5a2aee91-1217-415a-9080-47c7a364b00a",
            "virtual_machine_scale_set_id": "",
            "vtpm_enabled": false,
            "winrm_listener": [
              {
                "certificate_url": "",
                "protocol": "Http"
              }
            ],
            "zone": ""
          },
          "sensitive_attributes": [],
          "private": "eyJlMmJmYjczMC1lY2FhLTExZTYtOGY4OC0zNDM2M2JjN2M0YzAiOnsiY3JlYXRlIjoyNzAwMDAwMDAwMDAwLCJkZWxldGUiOjI3MDAwMDAwMDAwMDAsInJlYWQiOjMwMDAwMDAwMDAwMCwidXBkYXRlIjoyNzAwMDAwMDAwMDAwfX0=",
          "dependencies": [
            "module.common.azurerm_storage_account.assignment1-sto-acc",
            "module.network.azurerm_network_security_group.assignment1-nsg",
            "module.network.azurerm_subnet.assignment1-subnet",
            "module.network.azurerm_subnet_network_security_group_association.assignment1-nsga",
            "module.network.azurerm_virtual_network.assignment1-vnet",
            "module.rgroup.azurerm_resource_group.assignment2-rg",
            "module.vmwindows.azurerm_availability_set.windows_avs",
            "module.vmwindows.azurerm_network_interface.windows_nic",
            "module.vmwindows.azurerm_public_ip.windows_pip"
          ]
        }
      ]
    }
  ]
}
